---
lockfileVersion: '9.0'

importers:

  .:
    configDependencies: {}
    packageManagerDependencies:
      '@pnpm/exe':
        specifier: 11.24.0
        version: 11.24.0
      pnpm:
        specifier: 11.24.0
        version: 11.24.0

packages:

  '@pnpm/exe@11.24.0':
    resolution: {integrity: sha512-yCZWlhNOB3GS0I2uZC/CggwGZ+TLVLbOuBcMbVWXKFYJOg/0gnQw8eIN6YZLA+eeSvfHEvS79IDdbwu5CMQR0g==}
    hasBin: true

  '@pnpm/linux-arm64@11.24.0':
    resolution: {integrity: sha512-wgAF82SnMfWU8/xb0VLszKJYqL+MDHMMGz42s4jW+GIFUGYna/xG5VXUxgcv2FaZhJ2GbyZVUf2f/UJs6nb+zA==}
    cpu: [arm64]
    os: [linux]

  '@pnpm/linux-x64@11.24.0':
    resolution: {integrity: sha512-94e4GRvFB5hEwr9subLHLF2q3+DduKFPh2FE0+F7fgqt1Bs86gDxjJ7bbQCpTX2X4j6cUTA5Hc0HFzMz4xKnaA==}
    cpu: [x64]
    os: [linux]

  '@pnpm/linuxstatic-arm64@11.24.0':
    resolution: {integrity: sha512-1Vwk+M5fzjg364SDZfrtaZfthsy1THS9eSdH7dpBaG0l3HbLusQrh8labRlpMmK8KyQXcI1FvYLzPZVuAGGPng==}
    cpu: [arm64]
    os: [linux]
    libc: [musl]

  '@pnpm/linuxstatic-x64@11.24.0':
    resolution: {integrity: sha512-oyPChWYdJpJMDnwtCFNzupD+GEO4G6DDMARuZfBrCUgqRm1h2KDcVCqk9IbfFBfxWdK+bVHJpA9Qp3nlL6/thw==}
    cpu: [x64]
    os: [linux]
    libc: [musl]

  '@pnpm/macos-arm64@11.24.0':
    resolution: {integrity: sha512-nBzaOkR4D7HiuJRwlpk1aqaA/Wai11/zuCZjH5ZUe6fq86UWsqME0u3/F5K0j7yN8X2h7iKiApAaVmbfYMIc6A==}
    cpu: [arm64]
    os: [darwin]

  '@pnpm/win-arm64@11.24.0':
    resolution: {integrity: sha512-ECLc0U/5cnXRkBrpO/dW+x1Y+a2CCqS4l171H7+YOQNcSaCAWlezP3YNvuO+5awwGWHIW7KEXbBruu5n50zVuA==}
    cpu: [arm64]
    os: [win32]

  '@pnpm/win-x64@11.24.0':
    resolution: {integrity: sha512-2wgDrs2SiyBoU6Yw1A8QLLqBABWHwuMMQOU85k7ZMut/W94u/oizrDQiyfJyW9XzYCz4Dn2iw7OHx+3R2x7mEQ==}
    cpu: [x64]
    os: [win32]

  '@reflink/reflink-darwin-arm64@0.1.19':
    resolution: {integrity: sha512-ruy44Lpepdk1FqDz38vExBY/PVUsjxZA+chd9wozjUH9JjuDT/HEaQYA6wYN9mf041l0yLVar6BCZuWABJvHSA==}
    engines: {node: '>= 10'}
    cpu: [arm64]
    os: [darwin]

  '@reflink/reflink-darwin-x64@0.1.19':
    resolution: {integrity: sha512-By85MSWrMZa+c26TcnAy8SDk0sTUkYlNnwknSchkhHpGXOtjNDUOxJE9oByBnGbeuIE1PiQsxDG3Ud+IVV9yuA==}
    engines: {node: '>= 10'}
    cpu: [x64]
    os: [darwin]

  '@reflink/reflink-linux-arm64-gnu@0.1.19':
    resolution: {integrity: sha512-7P+er8+rP9iNeN+bfmccM4hTAaLP6PQJPKWSA4iSk2bNvo6KU6RyPgYeHxXmzNKzPVRcypZQTpFgstHam6maVg==}
    engines: {node: '>= 10'}
    cpu: [arm64]
    os: [linux]
    libc: [glibc]

  '@reflink/reflink-linux-arm64-musl@0.1.19':
    resolution: {integrity: sha512-37iO/Dp6m5DDaC2sf3zPtx/hl9FV3Xze4xoYidrxxS9bgP3S8ALroxRK6xBG/1TtfXKTvolvp+IjrUU6ujIGmA==}
    engines: {node: '>= 10'}
    cpu: [arm64]
    os: [linux]
    libc: [musl]

  '@reflink/reflink-linux-x64-gnu@0.1.19':
    resolution: {integrity: sha512-jbI8jvuYCaA3MVUdu8vLoLAFqC+iNMpiSuLbxlAgg7x3K5bsS8nOpTRnkLF7vISJ+rVR8W+7ThXlXlUQ93ulkw==}
    engines: {node: '>= 10'}
    cpu: [x64]
    os: [linux]
    libc: [glibc]

  '@reflink/reflink-linux-x64-musl@0.1.19':
    resolution: {integrity: sha512-e9FBWDe+lv7QKAwtKOt6A2W/fyy/aEEfr0g6j/hWzvQcrzHCsz07BNQYlNOjTfeytrtLU7k449H1PI95jA4OjQ==}
    engines: {node: '>= 10'}
    cpu: [x64]
    os: [linux]
    libc: [musl]

  '@reflink/reflink-win32-arm64-msvc@0.1.19':
    resolution: {integrity: sha512-09PxnVIQcd+UOn4WAW73WU6PXL7DwGS6wPlkMhMg2zlHHG65F3vHepOw06HFCq+N42qkaNAc8AKIabWvtk6cIQ==}
    engines: {node: '>= 10'}
    cpu: [arm64]
    os: [win32]

  '@reflink/reflink-win32-x64-msvc@0.1.19':
    resolution: {integrity: sha512-E//yT4ni2SyhwP8JRjVGWr3cbnhWDiPLgnQ66qqaanjjnMiu3O/2tjCPQXlcGc/DEYofpDc9fvhv6tALQsMV9w==}
    engines: {node: '>= 10'}
    cpu: [x64]
    os: [win32]

  '@reflink/reflink@0.1.19':
    resolution: {integrity: sha512-DmCG8GzysnCZ15bres3N5AHCmwBwYgp0As6xjhQ47rAUTUXxJiK+lLUxaGsX3hd/30qUpVElh05PbGuxRPgJwA==}
    engines: {node: '>= 10'}

  detect-libc@2.1.2:
    resolution: {integrity: sha512-Btj2BOOO83o3WyH59e8MgXsxEQVcarkUOpEYrubB0urwnN10yQ364rsiByU11nZlqWYZm05i/of7io4mzihBtQ==}
    engines: {node: '>=8'}

  pnpm@11.24.0:
    resolution: {integrity: sha512-vSfjRel23LC+C3oSKCF7BJqBfiGx81XJDb59xGZxiVqLwebQbCRVRQXqk+oLRfSJon7Bv7yN5qlln8oPFvoAAA==}
    engines: {node: '>=22.13'}
    hasBin: true

snapshots:

  '@pnpm/exe@11.24.0':
    dependencies:
      '@reflink/reflink': 0.1.19
      detect-libc: 2.1.2
    optionalDependencies:
      '@pnpm/linux-arm64': 11.24.0
      '@pnpm/linux-x64': 11.24.0
      '@pnpm/linuxstatic-arm64': 11.24.0
      '@pnpm/linuxstatic-x64': 11.24.0
      '@pnpm/macos-arm64': 11.24.0
      '@pnpm/win-arm64': 11.24.0
      '@pnpm/win-x64': 11.24.0

  '@pnpm/linux-arm64@11.24.0':
    optional: true

  '@pnpm/linux-x64@11.24.0':
    optional: true

  '@pnpm/linuxstatic-arm64@11.24.0':
    optional: true

  '@pnpm/linuxstatic-x64@11.24.0':
    optional: true

  '@pnpm/macos-arm64@11.24.0':
    optional: true

  '@pnpm/win-arm64@11.24.0':
    optional: true

  '@pnpm/win-x64@11.24.0':
    optional: true

  '@reflink/reflink-darwin-arm64@0.1.19':
    optional: true

  '@reflink/reflink-darwin-x64@0.1.19':
    optional: true

  '@reflink/reflink-linux-arm64-gnu@0.1.19':
    optional: true

  '@reflink/reflink-linux-arm64-musl@0.1.19':
    optional: true

  '@reflink/reflink-linux-x64-gnu@0.1.19':
    optional: true

  '@reflink/reflink-linux-x64-musl@0.1.19':
    optional: true

  '@reflink/reflink-win32-arm64-msvc@0.1.19':
    optional: true

  '@reflink/reflink-win32-x64-msvc@0.1.19':
    optional: true

  '@reflink/reflink@0.1.19':
    optionalDependencies:
      '@reflink/reflink-darwin-arm64': 0.1.19
      '@reflink/reflink-darwin-x64': 0.1.19
      '@reflink/reflink-linux-arm64-gnu': 0.1.19
      '@reflink/reflink-linux-arm64-musl': 0.1.19
      '@reflink/reflink-linux-x64-gnu': 0.1.19
      '@reflink/reflink-linux-x64-musl': 0.1.19
      '@reflink/reflink-win32-arm64-msvc': 0.1.19
      '@reflink/reflink-win32-x64-msvc': 0.1.19

  detect-libc@2.1.2: {}

  pnpm@11.24.0: {}

---
lockfileVersion: '9.0'

settings:
  autoInstallPeers: true
  excludeLinksFromLockfile: false

importers:

  .:
    dependencies:
      '@langchain/anthropic':
        specifier: ^1.5.8
        version: 1.5.8(@langchain/core@1.2.9)
      '@langchain/core':
        specifier: ^1.2.9
        version: 1.2.9
      '@types/node':
        specifier: ^26.4.0
        version: 26.4.0
      deepagents:
        specifier: ^1.13.2
        version: 1.13.2(@langchain/core@1.2.9)(@langchain/langgraph-checkpoint@1.1.5(@langchain/core@1.2.9))(@langchain/langgraph-sdk@1.10.0(@langchain/core@1.2.9))(@langchain/langgraph@1.4.13(@langchain/core@1.2.9)(zod@4.5.4))(langchain@1.5.10(@langchain/core@1.2.9))(langsmith@0.9.0)
      dotenv:
        specifier: ^17.4.2
        version: 17.4.2
      typescript:
        specifier: ^7.0.2
        version: 7.0.2
    devDependencies:
      ts-node:
        specifier: ^10.9.2
        version: 10.9.2(@types/node@26.4.0)(typescript@7.0.2)

packages:

  '@anthropic-ai/sdk@0.115.0':
    resolution: {integrity: sha512-BJrFIVyjNuU8lfDyIJTvlRYzgQg+zEl78BxE7fq8esULsGz9IRQvGtW5spq3tydmtjQb/GFdooKGdGsetpx+lQ==}
    hasBin: true
    peerDependencies:
      zod: ^3.25.0 || ^4.0.0
    peerDependenciesMeta:
      zod:
        optional: true

  '@babel/runtime@7.29.7':
    resolution: {integrity: sha512-Nq8OhGWiZIZGV6hLHoyAKLLcJihP/xFeBMGJoUrxTX2psI8dCifzLhZISFb+VWS3wFMRDmCGw5R+dOySCqPLhw==}
    engines: {node: '>=6.9.0'}

  '@cfworker/json-schema@4.1.1':
    resolution: {integrity: sha512-gAmrUZSGtKc3AiBL71iNWxDsyUC5uMaKKGdvzYsBoTW/xi42JQHl7eKV2OYzCUqvc+D2RCcf7EXY2iCyFIk6og==}

  '@cspotcode/source-map-support@0.8.1':
    resolution: {integrity: sha512-IchNf6dN4tHoMFIn/7OE8LWZ19Y6q/67Bmf6vnGREv8RSbBVb9LPJxEcnwrcwX6ixSvaiGoomAUvu4YSxXrVgw==}
    engines: {node: '>=12'}

  '@jridgewell/resolve-uri@3.1.2':
    resolution: {integrity: sha512-bRISgCIjP20/tbWSPWMEi54QVPRZExkuD9lJL+UIxUKtwVJA8wW1Trb1jMs1RFXo1CBTNZ/5hpC9QvmKWdopKw==}
    engines: {node: '>=6.0.0'}

  '@jridgewell/sourcemap-codec@1.6.0':
    resolution: {integrity: sha512-T7jf+5zgsZHwNJ4lvQ7/aezbyk0nNX+zJVWpmHA7VYsEx7a7qr5Rg5IbtJFqkgze5Y2sruq1RUY8Q837Od7iFw==}

  '@jridgewell/trace-mapping@0.3.9':
    resolution: {integrity: sha512-3Belt6tdc8bPgAtbcmdtNJlirVoTmEb5e2gC94PnkwEW9jI6CAHUeoG85tjWP5WquqfavoMtMwiG4P926ZKKuQ==}

  '@langchain/anthropic@1.5.8':
    resolution: {integrity: sha512-KZWgIf+04M9XZHhgH1rVJkqw/C26DM4a4jKk4Qc4HaSbRawN2Dw5nDffna+IoaU/50ohTdyB3HOz9g8XFQYF2A==}
    engines: {node: '>=20'}
    peerDependencies:
      '@langchain/core': ^1.2.9

  '@langchain/core@1.2.9':
    resolution: {integrity: sha512-conzSEj9Zu1AyXJLXsSbgrtxtxinmI1yGqQ5CIJZSoV5rvv+yvQE/vgBnoySpBQ/bl3YPgj2FL/gbDjWykLSfg==}
    engines: {node: '>=20'}

  '@langchain/langgraph-checkpoint@1.1.5':
    resolution: {integrity: sha512-BwDwl5VeTOh6CVuiIPgsUgfK51vTJDMSbFcSCUfjJWsl8/DPdK/mbv+ejxJstkSk/BlSPMP4JfXWcN6jD2ea2Q==}
    engines: {node: '>=18'}
    peerDependencies:
      '@langchain/core': ^1.1.48

  '@langchain/langgraph-sdk@1.10.0':
    resolution: {integrity: sha512-cPPkh+hMNgeOaGtJRrqs1AjZde45cG2+Ma9Sc10wz2RyvT8SKToCKS+VvkS18SsLajnmq6/FKVmthq6rnUVYOw==}
    peerDependencies:
      '@langchain/core': ^1.1.48
      react: ^18 || ^19
      react-dom: ^18 || ^19
    peerDependenciesMeta:
      react:
        optional: true
      react-dom:
        optional: true

  '@langchain/langgraph@1.4.13':
    resolution: {integrity: sha512-LO1ak6jNQ9jR13tm7Ay4Yh2/otrH7LNVUwWTAI7WJigVdW5Fb6LuYSZUzVn4S7sVSiyVFfnrUcDTd8c7eAzPrQ==}
    engines: {node: '>=18'}
    peerDependencies:
      '@langchain/core': ^1.1.48
      zod: ^3.25.32 || ^4.2.0

  '@langchain/protocol@0.0.18':
    resolution: {integrity: sha512-XW1egQtPfsGI41w2AMZNFZrUIwFSQHTjVMZs0OaTpCAvht/QLoaPN8FQcsysMVypOhupG28J29yOorrc70otBQ==}

  '@langchain/protocol@0.0.19':
    resolution: {integrity: sha512-9hKcRrH7cBX6gfutdfXPoft1OCchHe4FEpALoDJMl5Qu+n/YG5ynZmyu8+8cxORlPwHBoKTxggvXz+76M1yX1Q==}

  '@nodelib/fs.scandir@2.1.5':
    resolution: {integrity: sha512-vq24Bq3ym5HEQm2NKCr3yXDwjc7vTsEThRDnkp2DK9p1uqLR+DHurm/NOTo0KG7HYHU7eppKZj3MyqYuMBf62g==}
    engines: {node: '>= 8'}

  '@nodelib/fs.stat@2.0.5':
    resolution: {integrity: sha512-RkhPPp2zrqDAQA/2jNhnztcPAlv64XdhIp7a7454A5ovI7Bukxgt7MX7udwAu3zg1DcpPU0rz3VV1SeaqvY4+A==}
    engines: {node: '>= 8'}

  '@nodelib/fs.walk@1.2.8':
    resolution: {integrity: sha512-oGB+UxlgWcgQkgwo8GcEGwemoTFt3FIO9ababBmaGwXIoBKZ+GTy0pP185beGg7Llih/NSHSV2XAs1lnznocSg==}
    engines: {node: '>= 8'}

  '@stablelib/base64@1.0.1':
    resolution: {integrity: sha512-1bnPQqSxSuc3Ii6MhBysoWCg58j97aUjuCSZrGSmDxNqtytIi0k8utUenAwTZN4V5mXXYGsVUI9zeBqy+jBOSQ==}

  '@standard-schema/spec@1.1.0':
    resolution: {integrity: sha512-l2aFy5jALhniG5HgqrD6jXLi/rUWrKvqN/qJx6yoJsgKhblVd+iqqU4RCXavm/jPityDo5TCvKMnpjKnOriy0w==}

  '@tsconfig/node10@1.0.13':
    resolution: {integrity: sha512-gcLdvR9HO1ZJBypsOGqaP6TFEzb6vIta0KSTLt9NAQ6pXQO3cRgSVyCN6pzYqI9DlJgY71XKO0dpDhCf08b3pg==}

  '@tsconfig/node12@1.0.11':
    resolution: {integrity: sha512-cqefuRsh12pWyGsIoBKJA9luFu3mRxCA+ORZvA4ktLSzIuCUtWVxGIuXigEwO5/ywWFMZ2QEGKWvkZG1zDMTag==}

  '@tsconfig/node14@1.0.3':
    resolution: {integrity: sha512-ysT8mhdixWK6Hw3i1V2AeRqZ5WfXg1G43mqoYlM2nc6388Fq5jcXyr5mRsqViLx/GJYdoL0bfXD8nmF+Zn/Iow==}

  '@tsconfig/node16@1.0.4':
    resolution: {integrity: sha512-vxhUy4J8lyeyinH7Azl1pdd43GJhZH/tP2weN8TntQblOY+A0XbT8DJk1/oCPuOOyg/Ja757rG0CgHcWC8OfMA==}

  '@types/json-schema@7.0.15':
    resolution: {integrity: sha512-5+fP8P8MFNC+AyZCDxrB2pkZFPGzqQWUzpSeuuVLvm8VMcorNYavBqoFcxK8bQz4Qsbn4oUEEem4wDLfcysGHA==}

  '@types/node@26.4.0':
    resolution: {integrity: sha512-faiGnoIrLH/V8cibOMEAZ8pMw6oXqSukl29ra4mN8GdaB2ZewzeaLj+INpV5N+Z1eKWzY+IzaIZH2EIR6YZRNQ==}

  '@typescript/typescript-aix-ppc64@7.0.2':
    resolution: {integrity: sha512-MTKKkWB7p/0E9xi1d1tHtZ5PiLkGEMIq88pK2CubZjOsLtYTLqhgIgi6zepFa+9GHZ6h05NMCkQxGKiPXMxXtQ==}
    engines: {node: '>=16.20.0'}
    cpu: [ppc64]
    os: [aix]

  '@typescript/typescript-darwin-arm64@7.0.2':
    resolution: {integrity: sha512-gowzar9MwS/aRWp6f3a4KUqzRjAZjOsmGNCM6LcTgXum+dBfgsBVMN+AgvOCCbguXyick6LJhpBszxMebJ8syA==}
    engines: {node: '>=16.20.0'}
    cpu: [arm64]
    os: [darwin]

  '@typescript/typescript-darwin-x64@7.0.2':
    resolution: {integrity: sha512-SZ9xZInqApNlNGc9s0W1VSsktYSOe9cFqNOIqmN1Gs8SmkjKZYFt017G4VwPxASInODuAdbTW7sXiFUf893RgA==}
    engines: {node: '>=16.20.0'}
    cpu: [x64]
    os: [darwin]

  '@typescript/typescript-freebsd-arm64@7.0.2':
    resolution: {integrity: sha512-W5NH4y/J0plIIS5b2xvTEkU7JFxyqdMAOgf+Ilhl0vHQXKO5dZoxd+C/jEtq56c4F3wk71RB4BMRQ2XdI+bwYQ==}
    engines: {node: '>=16.20.0'}
    cpu: [arm64]
    os: [freebsd]

  '@typescript/typescript-freebsd-x64@7.0.2':
    resolution: {integrity: sha512-UMGDx5sTpzNw3WiPebH7l90IWfJggEd+egHt/q6p7/Cm3zqoV7VxkGXt+3DxPIw8CcmvAB0j3sVVfbhX+M4Tpw==}
    engines: {node: '>=16.20.0'}
    cpu: [x64]
    os: [freebsd]

  '@typescript/typescript-linux-arm64@7.0.2':
    resolution: {integrity: sha512-Qh4eU4/y3yDjnfjjyPYihMj5/ODIlmt+Bzu17OI+fiSRDW57QmU5SiN63exPRNJPKUzcc1INa1NXdrJ+MqHjUQ==}
    engines: {node: '>=16.20.0'}
    cpu: [arm64]
    os: [linux]

  '@typescript/typescript-linux-arm@7.0.2':
    resolution: {integrity: sha512-gffT3xPz9sR7j/YJExkyPntrI0P2EP9XbOyWzth2/Gs0RstK+90RBcO0ncXoXy/beYll1SXw846Nf2zdnEz0QQ==}
    engines: {node: '>=16.20.0'}
    cpu: [arm]
    os: [linux]

  '@typescript/typescript-linux-loong64@7.0.2':
    resolution: {integrity: sha512-uEHck9i8hoAzXPiYRib1O7miOnz23SxIeVl6F4LXox+qov1K35jHcEW6VHKvZI+pyvl7fZEP4MCU5LYvIq1GuQ==}
    engines: {node: '>=16.20.0'}
    cpu: [loong64]
    os: [linux]

  '@typescript/typescript-linux-mips64el@7.0.2':
    resolution: {integrity: sha512-R4KvAMnE43W5Qeqb0Ly56O3mWMWIAgsMyz36DCaycd5nbg/9kzm0liw3JocfRqyJY0KPmzFjbswozXyW0DnIYA==}
    engines: {node: '>=16.20.0'}
    cpu: [mips64el]
    os: [linux]

  '@typescript/typescript-linux-ppc64@7.0.2':
    resolution: {integrity: sha512-DORx5b3sd/4S7eayxm4FQv+A7CrkUIGRaHiwI8oiHTAI1fAPWhF4J0vAlkC8biAlHSVVwxMQ3tjZ2/DVbnQiiA==}
    engines: {node: '>=16.20.0'}
    cpu: [ppc64]
    os: [linux]

  '@typescript/typescript-linux-riscv64@7.0.2':
    resolution: {integrity: sha512-wf0jqEDOjrPRnKwYRyyJDRo11KMbvMFrU+q4zqKyChODBzvlkbhNQfKvLxQCcwTpdDaXSHZTVuh0JoCrKCUMHQ==}
    engines: {node: '>=16.20.0'}
    cpu: [riscv64]
    os: [linux]

  '@typescript/typescript-linux-s390x@7.0.2':
    resolution: {integrity: sha512-IkwJc3L7yhytWd/ewjyxNDfOmswCm9GWMJT/ue/dU4aZNbwZeYAetq42VyLmsmSjvoX7z74X6ZaYCtzAr0EuGw==}
    engines: {node: '>=16.20.0'}
    cpu: [s390x]
    os: [linux]

  '@typescript/typescript-linux-x64@7.0.2':
    resolution: {integrity: sha512-EYdf2cNg7rgCWJnxCdJ+F3V39O8ihb37eHAu1LK8oAFizgTQbPOK7zHHXbPt8rX24COqODXeI3sIf0fCXG7H/A==}
    engines: {node: '>=16.20.0'}
    cpu: [x64]
    os: [linux]

  '@typescript/typescript-netbsd-arm64@7.0.2':
    resolution: {integrity: sha512-+polYF4MF04aPpO5FTkHran9yUQDSXqy5GiSDKpsll5jy3l3+g9QLhpf39T+ePtefhXLOGrLl0QIjkQP6VnelA==}
    engines: {node: '>=16.20.0'}
    cpu: [arm64]
    os: [netbsd]

  '@typescript/typescript-netbsd-x64@7.0.2':
    resolution: {integrity: sha512-8YIT0EHM/3dq10ZOVF/A7pc/YSMtbcecct4rWtexrnSCHOPcpC2KTLXfTCR6vDpnSiY12heNb1GiN/wu+T/FyA==}
    engines: {node: '>=16.20.0'}
    cpu: [x64]
    os: [netbsd]

  '@typescript/typescript-openbsd-arm64@7.0.2':
    resolution: {integrity: sha512-APT8+ClYnuYm1u9+kgGXoMj2VzWzcymwh2gNSQVySHfkRDGOTVkoWLjCmOQSaO+PoqQ57B0flRp9SA+7GnnkzQ==}
    engines: {node: '>=16.20.0'}
    cpu: [arm64]
    os: [openbsd]

  '@typescript/typescript-openbsd-x64@7.0.2':
    resolution: {integrity: sha512-yX7s+Q0Dln0Dt9tEzZsAjXXR/+ytBM7AlglaqyeMPxQszJ1JhlJdZ6jLA+IzldHtflX81em7lDao1xXu+aRRkg==}
    engines: {node: '>=16.20.0'}
    cpu: [x64]
    os: [openbsd]

  '@typescript/typescript-sunos-x64@7.0.2':
    resolution: {integrity: sha512-dLJDGaLZ1D4HPQn62u1n8mBDkJREwMsAkCdkwd4Ieqw+x3TUyTsqY0YiBCtE6H6OzzgGk3iuZ3vFWRS+E8/d1g==}
    engines: {node: '>=16.20.0'}
    cpu: [x64]
    os: [sunos]

  '@typescript/typescript-win32-arm64@7.0.2':
    resolution: {integrity: sha512-Gyl1Vy6OsWesLzmq+EP0Fb7b4Nid5232AvcA2SFcdYreldpNtYFFofPjnt62y9hQy7VTaZp65ICJjuAQRaVcIQ==}
    engines: {node: '>=16.20.0'}
    cpu: [arm64]
    os: [win32]

  '@typescript/typescript-win32-x64@7.0.2':
    resolution: {integrity: sha512-0BQ3HkAHHlKLSp1qRvf3SUhGpGsDuhB/jgFw75guyqbxJqEaS0Cw/VFO8i2nHglJUzQCRtMMR/IBAKE3ETMC4g==}
    engines: {node: '>=16.20.0'}
    cpu: [x64]
    os: [win32]

  acorn-walk@8.3.5:
    resolution: {integrity: sha512-HEHNfbars9v4pgpW6SO1KSPkfoS0xVOM/9UzkJltjlsHZmJasxg8aXkuZa7SMf8vKGIBhpUsPluQSqhJFCqebw==}
    engines: {node: '>=0.4.0'}

  acorn@8.18.0:
    resolution: {integrity: sha512-lGq+9yr1/GuAWaVYIHRjvvySG5/4VfKIvC8EWxStPdcDh/Ka7FG3twP6v4d5BkravUilhIAsG4Qj83t02LWUPQ==}
    engines: {node: '>=0.4.0'}
    hasBin: true

  arg@4.1.3:
    resolution: {integrity: sha512-58S9QDqG0Xx27YwPSt9fJxivjYl432YCwfDMfZ+71RAqUrZef7LrKQZ3LHLOwCS4FLNBplP533Zx895SeOCHvA==}

  base64-js@1.5.1:
    resolution: {integrity: sha512-AKpaYlHn8t4SVbOHCy+b5+KKgvR4vrsD8vbvrbiQJps7fKDTkjkDry6ji0rUJjC0kzbNePLwzxq8iypo41qeWA==}

  braces@3.0.3:
    resolution: {integrity: sha512-yQbXgO/OSZVD2IsiLlro+7Hf6Q18EJrKSEsdoMzKePKXct3gvD8oLcOQdIzGupr5Fj+EDe8gO/lxc1BzfMpxvA==}
    engines: {node: '>=8'}

  create-require@1.1.1:
    resolution: {integrity: sha512-dcKFX3jn0MpIaXjisoRvexIJVEKzaq7z2rZKxf+MSr9TkdmHmsU4m2lcLojrj/FHl8mk5VxMmYA+ftRkP/3oKQ==}

  deepagents@1.13.2:
    resolution: {integrity: sha512-OMm+Ark4yaICZhGqC9kYkIx5vw5eH+GqIhzX1PAMmYhdxK5XeBTyn4pdfo1fKrBj2X/8GEg6TPnKS2jORLqJAQ==}
    peerDependencies:
      '@langchain/core': ^1.2.9
      '@langchain/langgraph': ^1.4.10
      '@langchain/langgraph-checkpoint': ^1.1.5
      '@langchain/langgraph-sdk': ^1.9.23
      langchain: ^1.5.10
      langsmith: '>=0.7.1 <0.10.0'

  diff@4.0.4:
    resolution: {integrity: sha512-X07nttJQkwkfKfvTPG/KSnE2OMdcUCao6+eXF3wmnIQRn2aPAHH3VxDbDOdegkd6JbPsXqShpvEOHfAT+nCNwQ==}
    engines: {node: '>=0.3.1'}

  dotenv@17.4.2:
    resolution: {integrity: sha512-nI4U3TottKAcAD9LLud4Cb7b2QztQMUEfHbvhTH09bqXTxnSie8WnjPALV/WMCrJZ6UV/qHJ6L03OqO3LcdYZw==}
    engines: {node: '>=12'}

  eventemitter3@4.0.7:
    resolution: {integrity: sha512-8guHBZCwKnFhYdHr2ysuRWErTwhoN2X8XELRlrRwpmfeY2jjuUN4taQMsULKUVo1K4DvZl+0pgfyoysHxvmvEw==}

  eventemitter3@5.0.4:
    resolution: {integrity: sha512-mlsTRyGaPBjPedk6Bvw+aqbsXDtoAyAzm5MO7JgU+yVRyMQ5O8bD4Kcci7BS85f93veegeCPkL8R4GLClnjLFw==}

  fast-glob@3.3.3:
    resolution: {integrity: sha512-7MptL8U0cqcFdzIzwOTHoilX9x5BrNqye7Z/LuC7kCMRio1EMSyqRK3BEAUD7sXRq4iT4AzTVuZdhgQ2TCvYLg==}
    engines: {node: '>=8.6.0'}

  fast-sha256@1.3.0:
    resolution: {integrity: sha512-n11RGP/lrWEFI/bWdygLxhI+pVeo1ZYIVwvvPkW7azl/rOy+F3HYRZ2K5zeE9mmkhQppyv9sQFx0JM9UabnpPQ==}

  fastq@1.20.3:
    resolution: {integrity: sha512-XKv5nnLs6nLF71NgiKJLIZFLkPyIEuOselLG7ujZnGrRfQK8HpvY+WqKhAJUAdLomwVHErVS4LfxFlPq0/FTAw==}

  fill-range@7.1.1:
    resolution: {integrity: sha512-YsGpe3WHLK8ZYi4tWDg2Jy3ebRz2rXowDxnld4bkQB00cc/1Zw9AWnC0i9ztDJitivtQvaI9KaLyKrc+hBW0yg==}
    engines: {node: '>=8'}

  glob-parent@5.1.2:
    resolution: {integrity: sha512-AOIgSQCepiJYwP3ARnGx+5VnTu2HBYdzbGP45eLw1vr3zB3vZLeyed1sC9hnbcOc9/SrMyM5RPQrkGz4aS9Zow==}
    engines: {node: '>= 6'}

  is-extglob@2.1.1:
    resolution: {integrity: sha512-SbKbANkN603Vi4jEZv49LeVJMn4yGwsbzZworEoyEiutsN3nJYdbO36zfhGJ6QEDpOZIFkDtnq5JRxmvl3jsoQ==}
    engines: {node: '>=0.10.0'}

  is-glob@4.0.3:
    resolution: {integrity: sha512-xelSayHH36ZgE7ZWhli7pW34hNbNl8Ojv5KVmkJD4hBdD3th8Tfk9vYasLM+mXWOZhFkgZfxhLSnrwRr4elSSg==}
    engines: {node: '>=0.10.0'}

  is-network-error@1.3.2:
    resolution: {integrity: sha512-PhBY86zaxNZUuWP6h13Vu5oFe0XY6/UlKzQnYFELzGVHygP3MxmvTfYSG7GN3aIab/iWudSMgjSnG9Dq+nHrgA==}
    engines: {node: '>=16'}

  is-number@7.0.0:
    resolution: {integrity: sha512-41Cifkg6e8TylSpdtTpeLVMqvSBEVzTttHvERD741+pnZ8ANv0004MRL43QKPDlK9cGvNp6NZWZUBlbGXYxxng==}
    engines: {node: '>=0.12.0'}

  js-tiktoken@1.0.21:
    resolution: {integrity: sha512-biOj/6M5qdgx5TKjDnFT1ymSpM5tbd3ylwDtrQvFQSu0Z7bBYko2dF+W/aUkXUPuk6IVpRxk/3Q2sHOzGlS36g==}

  json-schema-to-ts@3.1.1:
    resolution: {integrity: sha512-+DWg8jCJG2TEnpy7kOm/7/AxaYoaRbjVB4LFZLySZlWn8exGs3A4OLJR966cVvU26N7X9TWxl+Jsw7dzAqKT6g==}
    engines: {node: '>=16'}

  langchain@1.5.10:
    resolution: {integrity: sha512-JaC12C1qyGn985vvjttr4hr8lfFzWhrXp2M1byZJGmNJ2RiIgqnhiYDuLlG/xHDxhKD3onJ5pCuUif/cbdqPhA==}
    engines: {node: '>=20'}
    peerDependencies:
      '@langchain/core': ^1.2.9

  langsmith@0.9.0:
    resolution: {integrity: sha512-tlg/aG7qezAKY6G3fgADSX7PkRj+JKoF3z7QNkCMsAOvwvuzhiwP9Amn1Z+zAIxuKoWuXQdIjtFN0LVmUC1oUQ==}
    peerDependencies:
      '@opentelemetry/api': '*'
      '@opentelemetry/exporter-trace-otlp-proto': '*'
      '@opentelemetry/sdk-trace-base': '*'
      openai: '*'
      ws: '>=7'
    peerDependenciesMeta:
      '@opentelemetry/api':
        optional: true
      '@opentelemetry/exporter-trace-otlp-proto':
        optional: true
      '@opentelemetry/sdk-trace-base':
        optional: true
      openai:
        optional: true
      ws:
        optional: true

  make-error@1.3.6:
    resolution: {integrity: sha512-s8UhlNe7vPKomQhC1qFelMokr/Sc3AgNbso3n74mVPA5LTZwkB9NlXf4XPamLxJE8h0gh73rM94xvwRT2CVInw==}

  merge2@1.4.1:
    resolution: {integrity: sha512-8q7VEgMJW4J8tcfVPy8g09NcQwZdbwFEqhe/WZkoIzjn/3TGDwtOCYtXGxA3O8tPzpczCCDgv+P2P5y00ZJOOg==}
    engines: {node: '>= 8'}

  micromatch@4.0.8:
    resolution: {integrity: sha512-PXwfBhYu0hBCPw8Dn0E+WDYb7af3dSLVWKi3HGv84IdF4TyFoC0ysxFd0Goxw7nSv4T/PzEJQxsYsEiFCKo2BA==}
    engines: {node: '>=8.6'}

  mustache@4.2.0:
    resolution: {integrity: sha512-71ippSywq5Yb7/tVYyGbkBggbU8H3u5Rz56fH60jGFgr8uHwxs+aSKeqmluIVzM0m0kB7xQjKS6qPfd0b2ZoqQ==}
    hasBin: true

  p-finally@1.0.0:
    resolution: {integrity: sha512-LICb2p9CB7FS+0eR1oqWnHhp0FljGLZCWBE9aix0Uye9W8LTQPwMTYVGWQWIw9RdQiDg4+epXQODwIYJtSJaow==}
    engines: {node: '>=4'}

  p-queue@6.6.2:
    resolution: {integrity: sha512-RwFpb72c/BhQLEXIZ5K2e+AhgNVmIejGlTgiB9MzZ0e93GRvqZ7uSi0dvRF7/XIXDeNkra2fNHBxTyPDGySpjQ==}
    engines: {node: '>=8'}

  p-queue@9.3.3:
    resolution: {integrity: sha512-NXAOdnEe5FsZJfT4oK84lE1Y5cFFdWlRuOo5tww8DyNMxyRXwn39fIkUtNLKppcPC+UYU/bXujNCUGDv01y7CA==}
    engines: {node: '>=20'}

  p-retry@7.1.1:
    resolution: {integrity: sha512-J5ApzjyRkkf601HpEeykoiCvzHQjWxPAHhyjFcEUP2SWq0+35NKh8TLhpLw+Dkq5TZBFvUM6UigdE9hIVYTl5w==}
    engines: {node: '>=20'}

  p-timeout@3.2.0:
    resolution: {integrity: sha512-rhIwUycgwwKcP9yTOOFK/AKsAopjjCakVqLHePO3CC6Mir1Z99xT+R63jZxAT5lFZLa2inS5h+ZS2GvR99/FBg==}
    engines: {node: '>=8'}

  p-timeout@7.0.1:
    resolution: {integrity: sha512-AxTM2wDGORHGEkPCt8yqxOTMgpfbEHqF51f/5fJCmwFC3C/zNcGT63SymH2ttOAaiIws2zVg4+izQCjrakcwHg==}
    engines: {node: '>=20'}

  picomatch@2.3.2:
    resolution: {integrity: sha512-V7+vQEJ06Z+c5tSye8S+nHUfI51xoXIXjHQ99cQtKUkQqqO1kO/KCJUfZXuB47h/YBlDhah2H3hdUGXn8ie0oA==}
    engines: {node: '>=8.6'}

  queue-microtask@1.2.3:
    resolution: {integrity: sha512-NuaNSa6flKT5JaSYQzJok04JzTL1CA6aGhv5rfLW3PgqA+M2ChpZQnAC8h8i4ZFkBS8X5RqkDBHA7r4hej3K9A==}

  reusify@1.1.0:
    resolution: {integrity: sha512-g6QUff04oZpHs0eG5p83rFLhHeV00ug/Yf9nZM6fLeUrPguBTkTQOdpAWWspMh55TZfVQDPaN3NQJfbVRAxdIw==}
    engines: {iojs: '>=1.0.0', node: '>=0.10.0'}

  run-parallel@1.2.0:
    resolution: {integrity: sha512-5l4VyZR86LZ/lDxZTR6jqL8AFE2S0IFLMP26AbjsLVADxHdhB/c0GUsH+y39UfCi3dzz8OlQuPmnaJOMoDHQBA==}

  standardwebhooks@1.1.1:
    resolution: {integrity: sha512-bCbX9ZEyFkWPsRz7Bl3NuQUJohmwGSev/yhr7vhaGPlc4AfIrspIRa6cPTBuI1ItmrTDJ4d/S2hCsfe4+vQGnQ==}

  to-regex-range@5.0.1:
    resolution: {integrity: sha512-65P7iz6X5yEr1cwcgvQxbbIw7Uk3gOy5dIdtZ4rDveLqhrdJP+Li/Hx6tyK0NEb+2GCyneCMJiGqrADCSNk8sQ==}
    engines: {node: '>=8.0'}

  ts-algebra@2.0.0:
    resolution: {integrity: sha512-FPAhNPFMrkwz76P7cdjdmiShwMynZYN6SgOujD1urY4oNm80Ou9oMdmbR45LotcKOXoy7wSmHkRFE6Mxbrhefw==}

  ts-node@10.9.2:
    resolution: {integrity: sha512-f0FFpIdcHgn8zcPSbf1dRevwt047YMnaiJM3u2w2RewrB+fob/zePZcrOyQoLMMO7aBIddLcQIEK5dYjkLnGrQ==}
    hasBin: true
    peerDependencies:
      '@swc/core': '>=1.2.50'
      '@swc/wasm': '>=1.2.50'
      '@types/node': '*'
      typescript: '>=2.7'
    peerDependenciesMeta:
      '@swc/core':
        optional: true
      '@swc/wasm':
        optional: true

  typescript@7.0.2:
    resolution: {integrity: sha512-8FYau96o3NKOhbjKi/qNvG/W5jhzxkbdm5sj9AbZ/5T5sWqn3hJgLfGx27sRKZWTvyzCP8dLRBTf5tBTSRVUNA==}
    engines: {node: '>=16.20.0'}
    hasBin: true

  undici-types@8.3.0:
    resolution: {integrity: sha512-j375ScV60dom+YkPFIfTLcOiPxkN/buHz5GobjLhixFuANaNs3C9l4GmrWqejgXWJ7BbJcFYpTEUkS1Ge8bpZQ==}

  v8-compile-cache-lib@3.0.1:
    resolution: {integrity: sha512-wa7YjyUGfNZngI/vtK0UHAN+lgDCxBPCylVXGp0zu59Fz5aiGtNXaq3DhIov063MorB+VfufLh3JlF2KdTK3xg==}

  yaml@2.9.0:
    resolution: {integrity: sha512-2AvhNX3mb8zd6Zy7INTtSpl1F15HW6Wnqj0srWlkKLcpYl/gMIMJiyuGq2KeI2YFxUPjdlB+3Lc10seMLtL4cA==}
    engines: {node: '>= 14.6'}
    hasBin: true

  yn@3.1.1:
    resolution: {integrity: sha512-Ux4ygGWsu2c7isFWe8Yu1YluJmqVhxqK2cLXNQA5AcC3QfbGNpM7fu0Y8b/z16pXLnFxZYvWhd3fhBY9DLmC6Q==}
    engines: {node: '>=6'}

  zod@4.5.4:
    resolution: {integrity: sha512-sC95tT5iHHH9gtpj6A81kh+NEaRAUFN+qlUPDUbRfOMvNf5QCBqsb3WgvnpVtK5Y+4UfA6KqufotuTvMGiTlsA==}

snapshots:

  '@anthropic-ai/sdk@0.115.0(zod@4.5.4)':
    dependencies:
      json-schema-to-ts: 3.1.1
      standardwebhooks: 1.1.1
    optionalDependencies:
      zod: 4.5.4

  '@babel/runtime@7.29.7': {}

  '@cfworker/json-schema@4.1.1': {}

  '@cspotcode/source-map-support@0.8.1':
    dependencies:
      '@jridgewell/trace-mapping': 0.3.9

  '@jridgewell/resolve-uri@3.1.2': {}

  '@jridgewell/sourcemap-codec@1.6.0': {}

  '@jridgewell/trace-mapping@0.3.9':
    dependencies:
      '@jridgewell/resolve-uri': 3.1.2
      '@jridgewell/sourcemap-codec': 1.6.0

  '@langchain/anthropic@1.5.8(@langchain/core@1.2.9)':
    dependencies:
      '@anthropic-ai/sdk': 0.115.0(zod@4.5.4)
      '@langchain/core': 1.2.9
      zod: 4.5.4

  '@langchain/core@1.2.9':
    dependencies:
      '@cfworker/json-schema': 4.1.1
      '@standard-schema/spec': 1.1.0
      js-tiktoken: 1.0.21
      langsmith: 0.9.0
      mustache: 4.2.0
      p-queue: 6.6.2
      zod: 4.5.4
    transitivePeerDependencies:
      - '@opentelemetry/api'
      - '@opentelemetry/exporter-trace-otlp-proto'
      - '@opentelemetry/sdk-trace-base'
      - openai
      - ws

  '@langchain/langgraph-checkpoint@1.1.5(@langchain/core@1.2.9)':
    dependencies:
      '@langchain/core': 1.2.9

  '@langchain/langgraph-sdk@1.10.0(@langchain/core@1.2.9)':
    dependencies:
      '@langchain/core': 1.2.9
      '@langchain/protocol': 0.0.19
      '@types/json-schema': 7.0.15
      p-queue: 9.3.3
      p-retry: 7.1.1

  '@langchain/langgraph@1.4.13(@langchain/core@1.2.9)(zod@4.5.4)':
    dependencies:
      '@langchain/core': 1.2.9
      '@langchain/langgraph-checkpoint': 1.1.5(@langchain/core@1.2.9)
      '@langchain/langgraph-sdk': 1.10.0(@langchain/core@1.2.9)
      '@langchain/protocol': 0.0.18
      '@standard-schema/spec': 1.1.0
      zod: 4.5.4
    transitivePeerDependencies:
      - react
      - react-dom

  '@langchain/protocol@0.0.18': {}

  '@langchain/protocol@0.0.19': {}

  '@nodelib/fs.scandir@2.1.5':
    dependencies:
      '@nodelib/fs.stat': 2.0.5
      run-parallel: 1.2.0

  '@nodelib/fs.stat@2.0.5': {}

  '@nodelib/fs.walk@1.2.8':
    dependencies:
      '@nodelib/fs.scandir': 2.1.5
      fastq: 1.20.3

  '@stablelib/base64@1.0.1': {}

  '@standard-schema/spec@1.1.0': {}

  '@tsconfig/node10@1.0.13': {}

  '@tsconfig/node12@1.0.11': {}

  '@tsconfig/node14@1.0.3': {}

  '@tsconfig/node16@1.0.4': {}

  '@types/json-schema@7.0.15': {}

  '@types/node@26.4.0':
    dependencies:
      undici-types: 8.3.0

  '@typescript/typescript-aix-ppc64@7.0.2':
    optional: true

  '@typescript/typescript-darwin-arm64@7.0.2':
    optional: true

  '@typescript/typescript-darwin-x64@7.0.2':
    optional: true

  '@typescript/typescript-freebsd-arm64@7.0.2':
    optional: true

  '@typescript/typescript-freebsd-x64@7.0.2':
    optional: true

  '@typescript/typescript-linux-arm64@7.0.2':
    optional: true

  '@typescript/typescript-linux-arm@7.0.2':
    optional: true

  '@typescript/typescript-linux-loong64@7.0.2':
    optional: true

  '@typescript/typescript-linux-mips64el@7.0.2':
    optional: true

  '@typescript/typescript-linux-ppc64@7.0.2':
    optional: true

  '@typescript/typescript-linux-riscv64@7.0.2':
    optional: true

  '@typescript/typescript-linux-s390x@7.0.2':
    optional: true

  '@typescript/typescript-linux-x64@7.0.2':
    optional: true

  '@typescript/typescript-netbsd-arm64@7.0.2':
    optional: true

  '@typescript/typescript-netbsd-x64@7.0.2':
    optional: true

  '@typescript/typescript-openbsd-arm64@7.0.2':
    optional: true

  '@typescript/typescript-openbsd-x64@7.0.2':
    optional: true

  '@typescript/typescript-sunos-x64@7.0.2':
    optional: true

  '@typescript/typescript-win32-arm64@7.0.2':
    optional: true

  '@typescript/typescript-win32-x64@7.0.2':
    optional: true

  acorn-walk@8.3.5:
    dependencies:
      acorn: 8.18.0

  acorn@8.18.0: {}

  arg@4.1.3: {}

  base64-js@1.5.1: {}

  braces@3.0.3:
    dependencies:
      fill-range: 7.1.1

  create-require@1.1.1: {}

  deepagents@1.13.2(@langchain/core@1.2.9)(@langchain/langgraph-checkpoint@1.1.5(@langchain/core@1.2.9))(@langchain/langgraph-sdk@1.10.0(@langchain/core@1.2.9))(@langchain/langgraph@1.4.13(@langchain/core@1.2.9)(zod@4.5.4))(langchain@1.5.10(@langchain/core@1.2.9))(langsmith@0.9.0):
    dependencies:
      '@langchain/core': 1.2.9
      '@langchain/langgraph': 1.4.13(@langchain/core@1.2.9)(zod@4.5.4)
      '@langchain/langgraph-checkpoint': 1.1.5(@langchain/core@1.2.9)
      '@langchain/langgraph-sdk': 1.10.0(@langchain/core@1.2.9)
      fast-glob: 3.3.3
      langchain: 1.5.10(@langchain/core@1.2.9)
      langsmith: 0.9.0
      micromatch: 4.0.8
      yaml: 2.9.0
      zod: 4.5.4

  diff@4.0.4: {}

  dotenv@17.4.2: {}

  eventemitter3@4.0.7: {}

  eventemitter3@5.0.4: {}

  fast-glob@3.3.3:
    dependencies:
      '@nodelib/fs.stat': 2.0.5
      '@nodelib/fs.walk': 1.2.8
      glob-parent: 5.1.2
      merge2: 1.4.1
      micromatch: 4.0.8

  fast-sha256@1.3.0: {}

  fastq@1.20.3:
    dependencies:
      reusify: 1.1.0

  fill-range@7.1.1:
    dependencies:
      to-regex-range: 5.0.1

  glob-parent@5.1.2:
    dependencies:
      is-glob: 4.0.3

  is-extglob@2.1.1: {}

  is-glob@4.0.3:
    dependencies:
      is-extglob: 2.1.1

  is-network-error@1.3.2: {}

  is-number@7.0.0: {}

  js-tiktoken@1.0.21:
    dependencies:
      base64-js: 1.5.1

  json-schema-to-ts@3.1.1:
    dependencies:
      '@babel/runtime': 7.29.7
      ts-algebra: 2.0.0

  langchain@1.5.10(@langchain/core@1.2.9):
    dependencies:
      '@langchain/core': 1.2.9
      '@langchain/langgraph': 1.4.13(@langchain/core@1.2.9)(zod@4.5.4)
      '@langchain/langgraph-checkpoint': 1.1.5(@langchain/core@1.2.9)
      langsmith: 0.9.0
      zod: 4.5.4
    transitivePeerDependencies:
      - '@opentelemetry/api'
      - '@opentelemetry/exporter-trace-otlp-proto'
      - '@opentelemetry/sdk-trace-base'
      - openai
      - react
      - react-dom
      - ws

  langsmith@0.9.0:
    dependencies:
      p-queue: 6.6.2

  make-error@1.3.6: {}

  merge2@1.4.1: {}

  micromatch@4.0.8:
    dependencies:
      braces: 3.0.3
      picomatch: 2.3.2

  mustache@4.2.0: {}

  p-finally@1.0.0: {}

  p-queue@6.6.2:
    dependencies:
      eventemitter3: 4.0.7
      p-timeout: 3.2.0

  p-queue@9.3.3:
    dependencies:
      eventemitter3: 5.0.4
      p-timeout: 7.0.1

  p-retry@7.1.1:
    dependencies:
      is-network-error: 1.3.2

  p-timeout@3.2.0:
    dependencies:
      p-finally: 1.0.0

  p-timeout@7.0.1: {}

  picomatch@2.3.2: {}

  queue-microtask@1.2.3: {}

  reusify@1.1.0: {}

  run-parallel@1.2.0:
    dependencies:
      queue-microtask: 1.2.3

  standardwebhooks@1.1.1:
    dependencies:
      '@stablelib/base64': 1.0.1
      fast-sha256: 1.3.0

  to-regex-range@5.0.1:
    dependencies:
      is-number: 7.0.0

  ts-algebra@2.0.0: {}

  ts-node@10.9.2(@types/node@26.4.0)(typescript@7.0.2):
    dependencies:
      '@cspotcode/source-map-support': 0.8.1
      '@tsconfig/node10': 1.0.13
      '@tsconfig/node12': 1.0.11
      '@tsconfig/node14': 1.0.3
      '@tsconfig/node16': 1.0.4
      '@types/node': 26.4.0
      acorn: 8.18.0
      acorn-walk: 8.3.5
      arg: 4.1.3
      create-require: 1.1.1
      diff: 4.0.4
      make-error: 1.3.6
      typescript: 7.0.2
      v8-compile-cache-lib: 3.0.1
      yn: 3.1.1

  typescript@7.0.2:
    optionalDependencies:
      '@typescript/typescript-aix-ppc64': 7.0.2
      '@typescript/typescript-darwin-arm64': 7.0.2
      '@typescript/typescript-darwin-x64': 7.0.2
      '@typescript/typescript-freebsd-arm64': 7.0.2
      '@typescript/typescript-freebsd-x64': 7.0.2
      '@typescript/typescript-linux-arm': 7.0.2
      '@typescript/typescript-linux-arm64': 7.0.2
      '@typescript/typescript-linux-loong64': 7.0.2
      '@typescript/typescript-linux-mips64el': 7.0.2
      '@typescript/typescript-linux-ppc64': 7.0.2
      '@typescript/typescript-linux-riscv64': 7.0.2
      '@typescript/typescript-linux-s390x': 7.0.2
      '@typescript/typescript-linux-x64': 7.0.2
      '@typescript/typescript-netbsd-arm64': 7.0.2
      '@typescript/typescript-netbsd-x64': 7.0.2
      '@typescript/typescript-openbsd-arm64': 7.0.2
      '@typescript/typescript-openbsd-x64': 7.0.2
      '@typescript/typescript-sunos-x64': 7.0.2
      '@typescript/typescript-win32-arm64': 7.0.2
      '@typescript/typescript-win32-x64': 7.0.2

  undici-types@8.3.0: {}

  v8-compile-cache-lib@3.0.1: {}

  yaml@2.9.0: {}

  yn@3.1.1: {}

  zod@4.5.4: {}
